
Microsoft Visual Studio Solution File, Format Version 12.00
# Visual Studio Version 17
VisualStudioVersion = 17.0.32112.339
MinimumVisualStudioVersion = 10.0.40219.1
Project("{9A19103F-16F7-4668-BE54-9A1E7A4F7556}") = "TeamManager.Service", "TeamManager.Service\TeamManager.Service.csproj", "{5E59CF8D-20B1-4F3F-88A9-E6F2BD62B724}"
EndProject
Project("{9A19103F-16F7-4668-BE54-9A1E7A4F7556}") = "TeamManager.Service.UnitTest", "TeamManager.Service.Test\TeamManager.Service.UnitTest.csproj", "{A648D0EB-F67E-42B4-88C1-5BEB832AFFD5}"
EndProject
Project("{9A19103F-16F7-4668-BE54-9A1E7A4F7556}") = "TeamManager.UI", "TeamManager.UI\TeamManager.UI.csproj", "{A29468D7-F844-4134-9C95-8C127EB8398F}"
EndProject
Project("{9A19103F-16F7-4668-BE54-9A1E7A4F7556}") = "TeamManager.Console", "TeamManager.Console\TeamManager.Console.csproj", "{B92D7173-76E3-4E9F-A52B-FABA3BB68255}"
EndProject
Project("{9A19103F-16F7-4668-BE54-9A1E7A4F7556}") = "TeamManager.Service.IntegrationTest", "TeamManager.Service.IntegrationTest\TeamManager.Service.IntegrationTest.csproj", "{7799D285-1349-49B5-9F1D-1729CF746F52}"
EndProject
Project("{9A19103F-16F7-4668-BE54-9A1E7A4F7556}") = "TeamManager.Service.SystemTest", "TeamManager.Service.SystemTest\TeamManager.Service.SystemTest.csproj", "{39486D75-7046-4F8F-9335-28D86E4472BF}"
EndProject
Global
	GlobalSection(SolutionConfigurationPlatforms) = preSolution
		Debug|Any CPU = Debug|Any CPU
		Release|Any CPU = Release|Any CPU
	EndGlobalSection
	GlobalSection(ProjectConfigurationPlatforms) = postSolution
		{5E59CF8D-20B1-4F3F-88A9-E6F2BD62B724}.Debug|Any CPU.ActiveCfg = Debug|Any CPU
		{5E59CF8D-20B1-4F3F-88A9-E6F2BD62B724}.Debug|Any CPU.Build.0 = Debug|Any CPU
		{5E59CF8D-20B1-4F3F-88A9-E6F2BD62B724}.Release|Any CPU.ActiveCfg = Release|Any CPU
		{5E59CF8D-20B1-4F3F-88A9-E6F2BD62B724}.Release|Any CPU.Build.0 = Release|Any CPU
		{A648D0EB-F67E-42B4-88C1-5BEB832AFFD5}.Debug|Any CPU.ActiveCfg = Debug|Any CPU
		{A648D0EB-F67E-42B4-88C1-5BEB832AFFD5}.Debug|Any CPU.Build.0 = Debug|Any CPU
		{A648D0EB-F67E-42B4-88C1-5BEB832AFFD5}.Release|Any CPU.ActiveCfg = Release|Any CPU
		{A648D0EB-F67E-42B4-88C1-5BEB832AFFD5}.Release|Any CPU.Build.0 = Release|Any CPU
		{A29468D7-F844-4134-9C95-8C127EB8398F}.Debug|Any CPU.ActiveCfg = Debug|Any CPU
		{A29468D7-F844-4134-9C95-8C127EB8398F}.Debug|Any CPU.Build.0 = Debug|Any CPU
		{A29468D7-F844-4134-9C95-8C127EB8398F}.Release|Any CPU.ActiveCfg = Release|Any CPU
		{A29468D7-F844-4134-9C95-8C127EB8398F}.Release|Any CPU.Build.0 = Release|Any CPU
		{B92D7173-76E3-4E9F-A52B-FABA3BB68255}.Debug|Any CPU.ActiveCfg = Debug|Any CPU
		{B92D7173-76E3-4E9F-A52B-FABA3BB68255}.Debug|Any CPU.Build.0 = Debug|Any CPU
		{B92D7173-76E3-4E9F-A52B-FABA3BB68255}.Release|Any CPU.ActiveCfg = Release|Any CPU
		{B92D7173-76E3-4E9F-A52B-FABA3BB68255}.Release|Any CPU.Build.0 = Release|Any CPU
		{7799D285-1349-49B5-9F1D-1729CF746F52}.Debug|Any CPU.ActiveCfg = Debug|Any CPU
		{7799D285-1349-49B5-9F1D-1729CF746F52}.Debug|Any CPU.Build.0 = Debug|Any CPU
		{7799D285-1349-49B5-9F1D-1729CF746F52}.Release|Any CPU.ActiveCfg = Release|Any CPU
		{7799D285-1349-49B5-9F1D-1729CF746F52}.Release|Any CPU.Build.0 = Release|Any CPU
		{39486D75-7046-4F8F-9335-28D86E4472BF}.Debug|Any CPU.ActiveCfg = Debug|Any CPU
		{39486D75-7046-4F8F-9335-28D86E4472BF}.Debug|Any CPU.Build.0 = Debug|Any CPU
		{39486D75-7046-4F8F-9335-28D86E4472BF}.Release|Any CPU.ActiveCfg = Release|Any CPU
		{39486D75-7046-4F8F-9335-28D86E4472BF}.Release|Any CPU.Build.0 = Release|Any CPU
	EndGlobalSection
	GlobalSection(SolutionProperties) = preSolution
		HideSolutionNode = FALSE
	EndGlobalSection
	GlobalSection(ExtensibilityGlobals) = postSolution
		SolutionGuid = {E1401A52-7CBA-43FD-8190-D368B5DB2E7C}
	EndGlobalSection
EndGlobal
